
Microsoft Visual Studio Solution File, Format Version 12.00
# Visual Studio 14
VisualStudioVersion = 14.0.23107.0
MinimumVisualStudioVersion = 10.0.40219.1
Project("{2150E333-8FDC-42A3-9474-1A3956D46DE8}") = "src", "src", "{422273A8-89FB-489C-9CEE-378B39D48C45}"
EndProject
Project("{2150E333-8FDC-42A3-9474-1A3956D46DE8}") = "Solution Items", "Solution Items", "{EEC64896-0470-41A0-BCE9-118DE051CB4C}"
	ProjectSection(SolutionItems) = preProject
		global.json = global.json
	EndProjectSection
EndProject
Project("{8BB2217D-0F2D-49D1-97BC-3654ED321F3B}") = "HtmlSanitizer", "src\HtmlSanitizer\HtmlSanitizer.xproj", "{CCDB0C26-D683-4943-B5D8-AC07116461E5}"
EndProject
Project("{8BB2217D-0F2D-49D1-97BC-3654ED321F3B}") = "HtmlSanitizer.Tests", "test\HtmlSanitizer.Tests\HtmlSanitizer.Tests.xproj", "{55D772A0-8D8C-4CF7-A876-E6DAB8ED42C0}"
EndProject
Global
	GlobalSection(SolutionConfigurationPlatforms) = preSolution
		Debug|Any CPU = Debug|Any CPU
		Release|Any CPU = Release|Any CPU
	EndGlobalSection
	GlobalSection(ProjectConfigurationPlatforms) = postSolution
		{CCDB0C26-D683-4943-B5D8-AC07116461E5}.Debug|Any CPU.ActiveCfg = Debug|Any CPU
		{CCDB0C26-D683-4943-B5D8-AC07116461E5}.Debug|Any CPU.Build.0 = Debug|Any CPU
		{CCDB0C26-D683-4943-B5D8-AC07116461E5}.Release|Any CPU.ActiveCfg = Release|Any CPU
		{CCDB0C26-D683-4943-B5D8-AC07116461E5}.Release|Any CPU.Build.0 = Release|Any CPU
		{55D772A0-8D8C-4CF7-A876-E6DAB8ED42C0}.Debug|Any CPU.ActiveCfg = Debug|Any CPU
		{55D772A0-8D8C-4CF7-A876-E6DAB8ED42C0}.Debug|Any CPU.Build.0 = Debug|Any CPU
		{55D772A0-8D8C-4CF7-A876-E6DAB8ED42C0}.Release|Any CPU.ActiveCfg = Release|Any CPU
		{55D772A0-8D8C-4CF7-A876-E6DAB8ED42C0}.Release|Any CPU.Build.0 = Release|Any CPU
	EndGlobalSection
	GlobalSection(SolutionProperties) = preSolution
		HideSolutionNode = FALSE
	EndGlobalSection
EndGlobal
