
Microsoft Visual Studio Solution File, Format Version 12.00
# Visual Studio 15
VisualStudioVersion = 15.0.26403.0
MinimumVisualStudioVersion = 10.0.40219.1
Project("{FAE04EC0-301F-11D3-BF4B-00C04F79EFBC}") = "HtmlSanitizer", "src\HtmlSanitizer\HtmlSanitizer.csproj", "{CCDB0C26-D683-4943-B5D8-AC07116461E5}"
EndProject
Project("{FAE04EC0-301F-11D3-BF4B-00C04F79EFBC}") = "HtmlSanitizer.Tests", "test\HtmlSanitizer.Tests\HtmlSanitizer.Tests.csproj", "{55D772A0-8D8C-4CF7-A876-E6DAB8ED42C0}"
EndProject
Project("{FAE04EC0-301F-11D3-BF4B-00C04F79EFBC}") = "HtmlSanitizer.Benchmark", "test\HtmlSanitizer.Benchmark\HtmlSanitizer.Benchmark.csproj", "{5445D00F-08E4-4D04-B46E-9077FE46ED27}"
EndProject
Global
	GlobalSection(SolutionConfigurationPlatforms) = preSolution
		Debug|Any CPU = Debug|Any CPU
		Release|Any CPU = Release|Any CPU
	EndGlobalSection
	GlobalSection(ProjectConfigurationPlatforms) = postSolution
		{CCDB0C26-D683-4943-B5D8-AC07116461E5}.Debug|Any CPU.ActiveCfg = Debug|Any CPU
		{CCDB0C26-D683-4943-B5D8-AC07116461E5}.Debug|Any CPU.Build.0 = Debug|Any CPU
		{CCDB0C26-D683-4943-B5D8-AC07116461E5}.Release|Any CPU.ActiveCfg = Release|Any CPU
		{CCDB0C26-D683-4943-B5D8-AC07116461E5}.Release|Any CPU.Build.0 = Release|Any CPU
		{55D772A0-8D8C-4CF7-A876-E6DAB8ED42C0}.Debug|Any CPU.ActiveCfg = Debug|Any CPU
		{55D772A0-8D8C-4CF7-A876-E6DAB8ED42C0}.Debug|Any CPU.Build.0 = Debug|Any CPU
		{55D772A0-8D8C-4CF7-A876-E6DAB8ED42C0}.Release|Any CPU.ActiveCfg = Release|Any CPU
		{55D772A0-8D8C-4CF7-A876-E6DAB8ED42C0}.Release|Any CPU.Build.0 = Release|Any CPU
		{5445D00F-08E4-4D04-B46E-9077FE46ED27}.Debug|Any CPU.ActiveCfg = Debug|Any CPU
		{5445D00F-08E4-4D04-B46E-9077FE46ED27}.Debug|Any CPU.Build.0 = Debug|Any CPU
		{5445D00F-08E4-4D04-B46E-9077FE46ED27}.Release|Any CPU.ActiveCfg = Release|Any CPU
		{5445D00F-08E4-4D04-B46E-9077FE46ED27}.Release|Any CPU.Build.0 = Release|Any CPU
	EndGlobalSection
	GlobalSection(SolutionProperties) = preSolution
		HideSolutionNode = FALSE
	EndGlobalSection
EndGlobal
